// !$*UTF8*$!
{
	archiveVersion = 1;
	classes = {
	};
	objectVersion = 56;
	objects = {

/* Begin PBXBuildFile section */
		E0E9A8C32993C92B00A19A7C /* AudioInputSwitcherApp.swift in Sources */ = {isa = PBXBuildFile; fileRef = E0E9A8C22993C92B00A19A7C /* AudioInputSwitcherApp.swift */; };
		E0E9A8C52993C92B00A19A7C /* ContentView.swift in Sources */ = {isa = PBXBuildFile; fileRef = E0E9A8C42993C92B00A19A7C /* ContentView.swift */; };
		E0E9A8C72993C92C00A19A7C /* Assets.xcassets in Resources */ = {isa = PBXBuildFile; fileRef = E0E9A8C62993C92C00A19A7C /* Assets.xcassets */; };
		E0E9A8CA2993C92C00A19A7C /* Preview Assets.xcassets in Resources */ = {isa = PBXBuildFile; fileRef = E0E9A8C92993C92C00A19A7C /* Preview Assets.xcassets */; };
		E0E9A8D72993E99800A19A7C /* SimplyCoreAudio in Frameworks */ = {isa = PBXBuildFile; productRef = E0E9A8D62993E99800A19A7C /* SimplyCoreAudio */; };
/* End PBXBuildFile section */

/* Begin PBXFileReference section */
		E0E9A8BF2993C92B00A19A7C /* AudioInputSwitcher.app */ = {isa = PBXFileReference; explicitFileType = wrapper.application; includeInIndex = 0; path = AudioInputSwitcher.app; sourceTree = BUILT_PRODUCTS_DIR; };
		E0E9A8C22993C92B00A19A7C /* AudioInputSwitcherApp.swift */ = {isa = PBXFileReference; lastKnownFileType = sourcecode.swift; path = AudioInputSwitcherApp.swift; sourceTree = "<group>"; };
		E0E9A8C42993C92B00A19A7C /* ContentView.swift */ = {isa = PBXFileReference; lastKnownFileType = sourcecode.swift; path = ContentView.swift; sourceTree = "<group>"; };
		E0E9A8C62993C92C00A19A7C /* Assets.xcassets */ = {isa = PBXFileReference; lastKnownFileType = folder.assetcatalog; path = Assets.xcassets; sourceTree = "<group>"; };
		E0E9A8C92993C92C00A19A7C /* Preview Assets.xcassets */ = {isa = PBXFileReference; lastKnownFileType = folder.assetcatalog; path = "Preview Assets.xcassets"; sourceTree = "<group>"; };
		E0E9A8CB2993C92C00A19A7C /* AudioInputSwitcher.entitlements */ = {isa = PBXFileReference; lastKnownFileType = text.plist.entitlements; path = AudioInputSwitcher.entitlements; sourceTree = "<group>"; };
/* End PBXFileReference section */

/* Begin PBXFrameworksBuildPhase section */
		E0E9A8BC2993C92B00A19A7C /* Frameworks */ = {
			isa = PBXFrameworksBuildPhase;
			buildActionMask = 2147483647;
			files = (
				E0E9A8D72993E99800A19A7C /* SimplyCoreAudio in Frameworks */,
			);
			runOnlyForDeploymentPostprocessing = 0;
		};
/* End PBXFrameworksBuildPhase section */

/* Begin PBXGroup section */
		E0E9A8B62993C92B00A19A7C = {
			isa = PBXGroup;
			children = (
				E0E9A8C12993C92B00A19A7C /* AudioInputSwitcher */,
				E0E9A8C02993C92B00A19A7C /* Products */,
			);
			sourceTree = "<group>";
		};
		E0E9A8C02993C92B00A19A7C /* Products */ = {
			isa = PBXGroup;
			children = (
				E0E9A8BF2993C92B00A19A7C /* AudioInputSwitcher.app */,
			);
			name = Products;
			sourceTree = "<group>";
		};
		E0E9A8C12993C92B00A19A7C /* AudioInputSwitcher */ = {
			isa = PBXGroup;
			children = (
				E0E9A8C22993C92B00A19A7C /* AudioInputSwitcherApp.swift */,
				E0E9A8C42993C92B00A19A7C /* ContentView.swift */,
				E0E9A8C62993C92C00A19A7C /* Assets.xcassets */,
				E0E9A8CB2993C92C00A19A7C /* AudioInputSwitcher.entitlements */,
				E0E9A8C82993C92C00A19A7C /* Preview Content */,
			);
			path = AudioInputSwitcher;
			sourceTree = "<group>";
		};
		E0E9A8C82993C92C00A19A7C /* Preview Content */ = {
			isa = PBXGroup;
			children = (
				E0E9A8C92993C92C00A19A7C /* Preview Assets.xcassets */,
			);
			path = "Preview Content";
			sourceTree = "<group>";
		};
/* End PBXGroup section */

/* Begin PBXNativeTarget section */
		E0E9A8BE2993C92B00A19A7C /* AudioInputSwitcher */ = {
			isa = PBXNativeTarget;
			buildConfigurationList = E0E9A8CE2993C92C00A19A7C /* Build configuration list for PBXNativeTarget "AudioInputSwitcher" */;
			buildPhases = (
				E0E9A8BB2993C92B00A19A7C /* Sources */,
				E0E9A8BC2993C92B00A19A7C /* Frameworks */,
				E0E9A8BD2993C92B00A19A7C /* Resources */,
			);
			buildRules = (
			);
			dependencies = (
			);
			name = AudioInputSwitcher;
			packageProductDependencies = (
				E0E9A8D62993E99800A19A7C /* SimplyCoreAudio */,
			);
			productName = AudioInputSwitcher;
			productReference = E0E9A8BF2993C92B00A19A7C /* AudioInputSwitcher.app */;
			productType = "com.apple.product-type.application";
		};
/* End PBXNativeTarget section */

/* Begin PBXProject section */
		E0E9A8B72993C92B00A19A7C /* Project object */ = {
			isa = PBXProject;
			attributes = {
				BuildIndependentTargetsInParallel = 1;
				LastSwiftUpdateCheck = 1420;
				LastUpgradeCheck = 1420;
				TargetAttributes = {
					E0E9A8BE2993C92B00A19A7C = {
						CreatedOnToolsVersion = 14.2;
					};
				};
			};
			buildConfigurationList = E0E9A8BA2993C92B00A19A7C /* Build configuration list for PBXProject "AudioInputSwitcher" */;
			compatibilityVersion = "Xcode 14.0";
			developmentRegion = en;
			hasScannedForEncodings = 0;
			knownRegions = (
				en,
				Base,
			);
			mainGroup = E0E9A8B62993C92B00A19A7C;
			packageReferences = (
				E0E9A8D52993E99800A19A7C /* XCRemoteSwiftPackageReference "SimplyCoreAudio" */,
			);
			productRefGroup = E0E9A8C02993C92B00A19A7C /* Products */;
			projectDirPath = "";
			projectRoot = "";
			targets = (
				E0E9A8BE2993C92B00A19A7C /* AudioInputSwitcher */,
			);
		};
/* End PBXProject section */

/* Begin PBXResourcesBuildPhase section */
		E0E9A8BD2993C92B00A19A7C /* Resources */ = {
			isa = PBXResourcesBuildPhase;
			buildActionMask = 2147483647;
			files = (
				E0E9A8CA2993C92C00A19A7C /* Preview Assets.xcassets in Resources */,
				E0E9A8C72993C92C00A19A7C /* Assets.xcassets in Resources */,
			);
			runOnlyForDeploymentPostprocessing = 0;
		};
/* End PBXResourcesBuildPhase section */

/* Begin PBXSourcesBuildPhase section */
		E0E9A8BB2993C92B00A19A7C /* Sources */ = {
			isa = PBXSourcesBuildPhase;
			buildActionMask = 2147483647;
			files = (
				E0E9A8C52993C92B00A19A7C /* ContentView.swift in Sources */,
				E0E9A8C32993C92B00A19A7C /* AudioInputSwitcherApp.swift in Sources */,
			);
			runOnlyForDeploymentPostprocessing = 0;
		};
/* End PBXSourcesBuildPhase section */

/* Begin XCBuildConfiguration section */
		E0E9A8CC2993C92C00A19A7C /* Debug */ = {
			isa = XCBuildConfiguration;
			buildSettings = {
				ALWAYS_SEARCH_USER_PATHS = NO;
				CLANG_ANALYZER_NONNULL = YES;
				CLANG_ANALYZER_NUMBER_OBJECT_CONVERSION = YES_AGGRESSIVE;
				CLANG_CXX_LANGUAGE_STANDARD = "gnu++20";
				CLANG_ENABLE_MODULES = YES;
				CLANG_ENABLE_OBJC_ARC = YES;
				CLANG_ENABLE_OBJC_WEAK = YES;
				CLANG_WARN_BLOCK_CAPTURE_AUTORELEASING = YES;
				CLANG_WARN_BOOL_CONVERSION = YES;
				CLANG_WARN_COMMA = YES;
				CLANG_WARN_CONSTANT_CONVERSION = YES;
				CLANG_WARN_DEPRECATED_OBJC_IMPLEMENTATIONS = YES;
				CLANG_WARN_DIRECT_OBJC_ISA_USAGE = YES_ERROR;
				CLANG_WARN_DOCUMENTATION_COMMENTS = YES;
				CLANG_WARN_EMPTY_BODY = YES;
				CLANG_WARN_ENUM_CONVERSION = YES;
				CLANG_WARN_INFINITE_RECURSION = YES;
				CLANG_WARN_INT_CONVERSION = YES;
				CLANG_WARN_NON_LITERAL_NULL_CONVERSION = YES;
				CLANG_WARN_OBJC_IMPLICIT_RETAIN_SELF = YES;
				CLANG_WARN_OBJC_LITERAL_CONVERSION = YES;
				CLANG_WARN_OBJC_ROOT_CLASS = YES_ERROR;
				CLANG_WARN_QUOTED_INCLUDE_IN_FRAMEWORK_HEADER = YES;
				CLANG_WARN_RANGE_LOOP_ANALYSIS = YES;
				CLANG_WARN_STRICT_PROTOTYPES = YES;
				CLANG_WARN_SUSPICIOUS_MOVE = YES;
				CLANG_WARN_UNGUARDED_AVAILABILITY = YES_AGGRESSIVE;
				CLANG_WARN_UNREACHABLE_CODE = YES;
				CLANG_WARN__DUPLICATE_METHOD_MATCH = YES;
				COPY_PHASE_STRIP = NO;
				DEBUG_INFORMATION_FORMAT = dwarf;
				ENABLE_STRICT_OBJC_MSGSEND = YES;
				ENABLE_TESTABILITY = YES;
				GCC_C_LANGUAGE_STANDARD = gnu11;
				GCC_DYNAMIC_NO_PIC = NO;
				GCC_NO_COMMON_BLOCKS = YES;
				GCC_OPTIMIZATION_LEVEL = 0;
				GCC_PREPROCESSOR_DEFINITIONS = (
					"DEBUG=1",
					"$(inherited)",
				);
				GCC_WARN_64_TO_32_BIT_CONVERSION = YES;
				GCC_WARN_ABOUT_RETURN_TYPE = YES_ERROR;
				GCC_WARN_UNDECLARED_SELECTOR = YES;
				GCC_WARN_UNINITIALIZED_AUTOS = YES_AGGRESSIVE;
				GCC_WARN_UNUSED_FUNCTION = YES;
				GCC_WARN_UNUSED_VARIABLE = YES;
				MACOSX_DEPLOYMENT_TARGET = 13.1;
				MTL_ENABLE_DEBUG_INFO = INCLUDE_SOURCE;
				MTL_FAST_MATH = YES;
				ONLY_ACTIVE_ARCH = YES;
				SDKROOT = macosx;
				SWIFT_ACTIVE_COMPILATION_CONDITIONS = DEBUG;
				SWIFT_OPTIMIZATION_LEVEL = "-Onone";
			};
			name = Debug;
		};
		E0E9A8CD2993C92C00A19A7C /* Release */ = {
			isa = XCBuildConfiguration;
			buildSettings = {
				ALWAYS_SEARCH_USER_PATHS = NO;
				CLANG_ANALYZER_NONNULL = YES;
				CLANG_ANALYZER_NUMBER_OBJECT_CONVERSION = YES_AGGRESSIVE;
				CLANG_CXX_LANGUAGE_STANDARD = "gnu++20";
				CLANG_ENABLE_MODULES = YES;
				CLANG_ENABLE_OBJC_ARC = YES;
				CLANG_ENABLE_OBJC_WEAK = YES;
				CLANG_WARN_BLOCK_CAPTURE_AUTORELEASING = YES;
				CLANG_WARN_BOOL_CONVERSION = YES;
				CLANG_WARN_COMMA = YES;
				CLANG_WARN_CONSTANT_CONVERSION = YES;
				CLANG_WARN_DEPRECATED_OBJC_IMPLEMENTATIONS = YES;
				CLANG_WARN_DIRECT_OBJC_ISA_USAGE = YES_ERROR;
				CLANG_WARN_DOCUMENTATION_COMMENTS = YES;
				CLANG_WARN_EMPTY_BODY = YES;
				CLANG_WARN_ENUM_CONVERSION = YES;
				CLANG_WARN_INFINITE_RECURSION = YES;
				CLANG_WARN_INT_CONVERSION = YES;
				CLANG_WARN_NON_LITERAL_NULL_CONVERSION = YES;
				CLANG_WARN_OBJC_IMPLICIT_RETAIN_SELF = YES;
				CLANG_WARN_OBJC_LITERAL_CONVERSION = YES;
				CLANG_WARN_OBJC_ROOT_CLASS = YES_ERROR;
				CLANG_WARN_QUOTED_INCLUDE_IN_FRAMEWORK_HEADER = YES;
				CLANG_WARN_RANGE_LOOP_ANALYSIS = YES;
				CLANG_WARN_STRICT_PROTOTYPES = YES;
				CLANG_WARN_SUSPICIOUS_MOVE = YES;
				CLANG_WARN_UNGUARDED_AVAILABILITY = YES_AGGRESSIVE;
				CLANG_WARN_UNREACHABLE_CODE = YES;
				CLANG_WARN__DUPLICATE_METHOD_MATCH = YES;
				COPY_PHASE_STRIP = NO;
				DEBUG_INFORMATION_FORMAT = "dwarf-with-dsym";
				ENABLE_NS_ASSERTIONS = NO;
				ENABLE_STRICT_OBJC_MSGSEND = YES;
				GCC_C_LANGUAGE_STANDARD = gnu11;
				GCC_NO_COMMON_BLOCKS = YES;
				GCC_WARN_64_TO_32_BIT_CONVERSION = YES;
				GCC_WARN_ABOUT_RETURN_TYPE = YES_ERROR;
				GCC_WARN_UNDECLARED_SELECTOR = YES;
				GCC_WARN_UNINITIALIZED_AUTOS = YES_AGGRESSIVE;
				GCC_WARN_UNUSED_FUNCTION = YES;
				GCC_WARN_UNUSED_VARIABLE = YES;
				MACOSX_DEPLOYMENT_TARGET = 13.1;
				MTL_ENABLE_DEBUG_INFO = NO;
				MTL_FAST_MATH = YES;
				SDKROOT = macosx;
				SWIFT_COMPILATION_MODE = wholemodule;
				SWIFT_OPTIMIZATION_LEVEL = "-O";
			};
			name = Release;
		};
		E0E9A8CF2993C92C00A19A7C /* Debug */ = {
			isa = XCBuildConfiguration;
			buildSettings = {
				ASSETCATALOG_COMPILER_APPICON_NAME = AppIcon;
				ASSETCATALOG_COMPILER_GLOBAL_ACCENT_COLOR_NAME = AccentColor;
				CODE_SIGN_ENTITLEMENTS = AudioInputSwitcher/AudioInputSwitcher.entitlements;
				CODE_SIGN_STYLE = Automatic;
				COMBINE_HIDPI_IMAGES = YES;
				CURRENT_PROJECT_VERSION = 1;
				DEVELOPMENT_ASSET_PATHS = "\"AudioInputSwitcher/Preview Content\"";
				DEVELOPMENT_TEAM = PHS5AUL8AS;
				ENABLE_HARDENED_RUNTIME = YES;
				ENABLE_PREVIEWS = YES;
				GENERATE_INFOPLIST_FILE = YES;
				INFOPLIST_KEY_LSUIElement = YES;
				INFOPLIST_KEY_NSHumanReadableCopyright = "";
				LD_RUNPATH_SEARCH_PATHS = (
					"$(inherited)",
					"@executable_path/../Frameworks",
				);
				MARKETING_VERSION = 1.0;
				PRODUCT_BUNDLE_IDENTIFIER = "com.maffinca.autio-switcher.AudioInputSwitcher";
				PRODUCT_NAME = "$(TARGET_NAME)";
				SWIFT_EMIT_LOC_STRINGS = YES;
				SWIFT_VERSION = 5.0;
			};
			name = Debug;
		};
		E0E9A8D02993C92C00A19A7C /* Release */ = {
			isa = XCBuildConfiguration;
			buildSettings = {
				ASSETCATALOG_COMPILER_APPICON_NAME = AppIcon;
				ASSETCATALOG_COMPILER_GLOBAL_ACCENT_COLOR_NAME = AccentColor;
				CODE_SIGN_ENTITLEMENTS = AudioInputSwitcher/AudioInputSwitcher.entitlements;
				CODE_SIGN_STYLE = Automatic;
				COMBINE_HIDPI_IMAGES = YES;
				CURRENT_PROJECT_VERSION = 1;
				DEVELOPMENT_ASSET_PATHS = "\"AudioInputSwitcher/Preview Content\"";
				DEVELOPMENT_TEAM = PHS5AUL8AS;
				ENABLE_HARDENED_RUNTIME = YES;
				ENABLE_PREVIEWS = YES;
				GENERATE_INFOPLIST_FILE = YES;
				INFOPLIST_KEY_LSUIElement = YES;
				INFOPLIST_KEY_NSHumanReadableCopyright = "";
				LD_RUNPATH_SEARCH_PATHS = (
					"$(inherited)",
					"@executable_path/../Frameworks",
				);
				MARKETING_VERSION = 1.0;
				PRODUCT_BUNDLE_IDENTIFIER = "com.maffinca.autio-switcher.AudioInputSwitcher";
				PRODUCT_NAME = "$(TARGET_NAME)";
				SWIFT_EMIT_LOC_STRINGS = YES;
				SWIFT_VERSION = 5.0;
			};
			name = Release;
		};
/* End XCBuildConfiguration section */

/* Begin XCConfigurationList section */
		E0E9A8BA2993C92B00A19A7C /* Build configuration list for PBXProject "AudioInputSwitcher" */ = {
			isa = XCConfigurationList;
			buildConfigurations = (
				E0E9A8CC2993C92C00A19A7C /* Debug */,
				E0E9A8CD2993C92C00A19A7C /* Release */,
			);
			defaultConfigurationIsVisible = 0;
			defaultConfigurationName = Release;
		};
		E0E9A8CE2993C92C00A19A7C /* Build configuration list for PBXNativeTarget "AudioInputSwitcher" */ = {
			isa = XCConfigurationList;
			buildConfigurations = (
				E0E9A8CF2993C92C00A19A7C /* Debug */,
				E0E9A8D02993C92C00A19A7C /* Release */,
			);
			defaultConfigurationIsVisible = 0;
			defaultConfigurationName = Release;
		};
/* End XCConfigurationList section */

/* Begin XCRemoteSwiftPackageReference section */
		E0E9A8D52993E99800A19A7C /* XCRemoteSwiftPackageReference "SimplyCoreAudio" */ = {
			isa = XCRemoteSwiftPackageReference;
			repositoryURL = "https://github.com/rnine/SimplyCoreAudio.git";
			requirement = {
				kind = upToNextMajorVersion;
				minimumVersion = 4.0.0;
			};
		};
/* End XCRemoteSwiftPackageReference section */

/* Begin XCSwiftPackageProductDependency section */
		E0E9A8D62993E99800A19A7C /* SimplyCoreAudio */ = {
			isa = XCSwiftPackageProductDependency;
			package = E0E9A8D52993E99800A19A7C /* XCRemoteSwiftPackageReference "SimplyCoreAudio" */;
			productName = SimplyCoreAudio;
		};
/* End XCSwiftPackageProductDependency section */
	};
	rootObject = E0E9A8B72993C92B00A19A7C /* Project object */;
}
